
Microsoft Visual Studio Solution File, Format Version 12.00
# Visual Studio 15
VisualStudioVersion = 15.0.27703.2035
MinimumVisualStudioVersion = 10.0.40219.1
Project("{9A19103F-16F7-4668-BE54-9A1E7A4F7556}") = "RemoteProcessManagerLib", "RemoteProcessManagerLib\RemoteProcessManagerLib.csproj", "{01C6FB00-E9A8-4BB1-9155-C074112AF5FE}"
EndProject
Project("{9A19103F-16F7-4668-BE54-9A1E7A4F7556}") = "TestProject", "TestProject\TestProject.csproj", "{62E0D228-6469-466F-A20F-C9F34454C611}"
EndProject
Project("{2150E333-8FDC-42A3-9474-1A3956D46DE8}") = "Solution Items", "Solution Items", "{37B4323A-6F77-4A80-823F-E3D8DCC79CC6}"
	ProjectSection(SolutionItems) = preProject
		..\README.md = ..\README.md
	EndProjectSection
EndProject
Global
	GlobalSection(SolutionConfigurationPlatforms) = preSolution
		Debug|Any CPU = Debug|Any CPU
		Release|Any CPU = Release|Any CPU
	EndGlobalSection
	GlobalSection(ProjectConfigurationPlatforms) = postSolution
		{01C6FB00-E9A8-4BB1-9155-C074112AF5FE}.Debug|Any CPU.ActiveCfg = Debug|Any CPU
		{01C6FB00-E9A8-4BB1-9155-C074112AF5FE}.Debug|Any CPU.Build.0 = Debug|Any CPU
		{01C6FB00-E9A8-4BB1-9155-C074112AF5FE}.Release|Any CPU.ActiveCfg = Release|Any CPU
		{01C6FB00-E9A8-4BB1-9155-C074112AF5FE}.Release|Any CPU.Build.0 = Release|Any CPU
		{62E0D228-6469-466F-A20F-C9F34454C611}.Debug|Any CPU.ActiveCfg = Debug|Any CPU
		{62E0D228-6469-466F-A20F-C9F34454C611}.Debug|Any CPU.Build.0 = Debug|Any CPU
		{62E0D228-6469-466F-A20F-C9F34454C611}.Release|Any CPU.ActiveCfg = Release|Any CPU
		{62E0D228-6469-466F-A20F-C9F34454C611}.Release|Any CPU.Build.0 = Release|Any CPU
	EndGlobalSection
	GlobalSection(SolutionProperties) = preSolution
		HideSolutionNode = FALSE
	EndGlobalSection
	GlobalSection(ExtensibilityGlobals) = postSolution
		SolutionGuid = {28C05DF6-2A29-43D5-9EFF-EEA91BAD0E52}
	EndGlobalSection
EndGlobal
